
Microsoft Visual Studio Solution File, Format Version 12.00
# Visual Studio 15
VisualStudioVersion = 15.0.28307.539
MinimumVisualStudioVersion = 10.0.40219.1
Project("{FAE04EC0-301F-11D3-BF4B-00C04F79EFBC}") = "Palindrome.Console", "Palindrome.Console\Palindrome.Console.csproj", "{77F8146D-E540-4FC5-A3EE-D2BF246D04F8}"
EndProject
Global
	GlobalSection(SolutionConfigurationPlatforms) = preSolution
		Debug|Any CPU = Debug|Any CPU
		Release|Any CPU = Release|Any CPU
	EndGlobalSection
	GlobalSection(ProjectConfigurationPlatforms) = postSolution
		{77F8146D-E540-4FC5-A3EE-D2BF246D04F8}.Debug|Any CPU.ActiveCfg = Debug|Any CPU
		{77F8146D-E540-4FC5-A3EE-D2BF246D04F8}.Debug|Any CPU.Build.0 = Debug|Any CPU
		{77F8146D-E540-4FC5-A3EE-D2BF246D04F8}.Release|Any CPU.ActiveCfg = Release|Any CPU
		{77F8146D-E540-4FC5-A3EE-D2BF246D04F8}.Release|Any CPU.Build.0 = Release|Any CPU
	EndGlobalSection
	GlobalSection(SolutionProperties) = preSolution
		HideSolutionNode = FALSE
	EndGlobalSection
	GlobalSection(ExtensibilityGlobals) = postSolution
		SolutionGuid = {D48EA7CD-F823-427C-A03D-D2B2D290E62F}
	EndGlobalSection
EndGlobal
